dependencies:
- name: aws-load-balancer-controller
  repository: https://aws.github.io/eks-charts
  version: 1.14.0
- name: external-dns
  repository: https://kubernetes-sigs.github.io/external-dns/
  version: 1.20.0
digest: sha256:e7734ecd4a62591d1c69e02c325c7f3ea2c6d940388000793b82f781801877ba
generated: "2026-07-29T12:14:33.182699948+02:00"
