dependencies:
- name: alb-controller
  repository: oci://mcr.microsoft.com/application-lb/charts
  version: 1.11.4
- name: external-dns
  repository: https://kubernetes-sigs.github.io/external-dns/
  version: 1.20.0
- name: cert-manager
  repository: https://charts.jetstack.io
  version: v1.21.1
- name: external-secrets
  repository: https://charts.external-secrets.io
  version: 2.8.0
digest: sha256:43720343f4f0a8ee19bcb399d8d96b6dee8a94ae669b28f7ca7fc32e3ab5f0f9
generated: "2026-09-03T20:39:14.562805249+02:00"
