dependencies:
- name: alb-controller
  repository: oci://mcr.microsoft.com/application-lb/charts
  version: 1.11.4
- name: external-dns
  repository: https://kubernetes-sigs.github.io/external-dns/
  version: 1.20.0
- name: cert-manager
  repository: https://charts.jetstack.io
  version: v1.21.1
digest: sha256:edddb5791a2283c367882ce1254eeabd16e7d61c7a096192d8aa8fe4c25cb153
generated: "2026-08-23T11:13:47.603803663+02:00"
